
Microsoft Visual Studio Solution File, Format Version 12.00
# Visual Studio Version 17
VisualStudioVersion = 17.14.36511.14 d17.14
MinimumVisualStudioVersion = 10.0.40219.1
Project("{FAE04EC0-301F-11D3-BF4B-00C04F79EFBC}") = "ClothingShop.Api", "ClothingShop.Api\ClothingShop.Api.csproj", "{6BFF27E9-1BEF-4A29-817E-649654CB0945}"
EndProject
Global
	GlobalSection(SolutionConfigurationPlatforms) = preSolution
		Debug|Any CPU = Debug|Any CPU
		Release|Any CPU = Release|Any CPU
	EndGlobalSection
	GlobalSection(ProjectConfigurationPlatforms) = postSolution
		{6BFF27E9-1BEF-4A29-817E-649654CB0945}.Debug|Any CPU.ActiveCfg = Debug|Any CPU
		{6BFF27E9-1BEF-4A29-817E-649654CB0945}.Debug|Any CPU.Build.0 = Debug|Any CPU
		{6BFF27E9-1BEF-4A29-817E-649654CB0945}.Release|Any CPU.ActiveCfg = Release|Any CPU
		{6BFF27E9-1BEF-4A29-817E-649654CB0945}.Release|Any CPU.Build.0 = Release|Any CPU
	EndGlobalSection
	GlobalSection(SolutionProperties) = preSolution
		HideSolutionNode = FALSE
	EndGlobalSection
	GlobalSection(ExtensibilityGlobals) = postSolution
		SolutionGuid = {89291BE2-6F6C-4126-BE15-1589BEE57BD1}
	EndGlobalSection
EndGlobal
